
Microsoft Visual Studio Solution File, Format Version 12.00
# Visual Studio Version 17
VisualStudioVersion = 17.4.33103.184
MinimumVisualStudioVersion = 10.0.40219.1
Project("{FAE04EC0-301F-11D3-BF4B-00C04F79EFBC}") = "serialization_02.1", "serialization_02.1\serialization_02.1.csproj", "{B1EDF65C-298A-451D-A638-B1488AE6B18C}"
EndProject
Global
	GlobalSection(SolutionConfigurationPlatforms) = preSolution
		Debug|Any CPU = Debug|Any CPU
		Release|Any CPU = Release|Any CPU
	EndGlobalSection
	GlobalSection(ProjectConfigurationPlatforms) = postSolution
		{B1EDF65C-298A-451D-A638-B1488AE6B18C}.Debug|Any CPU.ActiveCfg = Debug|Any CPU
		{B1EDF65C-298A-451D-A638-B1488AE6B18C}.Debug|Any CPU.Build.0 = Debug|Any CPU
		{B1EDF65C-298A-451D-A638-B1488AE6B18C}.Release|Any CPU.ActiveCfg = Release|Any CPU
		{B1EDF65C-298A-451D-A638-B1488AE6B18C}.Release|Any CPU.Build.0 = Release|Any CPU
	EndGlobalSection
	GlobalSection(SolutionProperties) = preSolution
		HideSolutionNode = FALSE
	EndGlobalSection
	GlobalSection(ExtensibilityGlobals) = postSolution
		SolutionGuid = {41059C54-9EC7-4FB1-8D5C-E6C83E8DB1CB}
	EndGlobalSection
EndGlobal
